
Microsoft Visual Studio Solution File, Format Version 12.00
# Visual Studio Version 17
VisualStudioVersion = 17.14.36221.1 d17.14
MinimumVisualStudioVersion = 10.0.40219.1
Project("{FAE04EC0-301F-11D3-BF4B-00C04F79EFBC}") = "ABCRetailers", "ABCRetailers.csproj", "{A388B17C-96D0-46B5-98E1-A6669024B4AE}"
EndProject
Global
	GlobalSection(SolutionConfigurationPlatforms) = preSolution
		Debug|Any CPU = Debug|Any CPU
		Release|Any CPU = Release|Any CPU
	EndGlobalSection
	GlobalSection(ProjectConfigurationPlatforms) = postSolution
		{A388B17C-96D0-46B5-98E1-A6669024B4AE}.Debug|Any CPU.ActiveCfg = Debug|Any CPU
		{A388B17C-96D0-46B5-98E1-A6669024B4AE}.Debug|Any CPU.Build.0 = Debug|Any CPU
		{A388B17C-96D0-46B5-98E1-A6669024B4AE}.Release|Any CPU.ActiveCfg = Release|Any CPU
		{A388B17C-96D0-46B5-98E1-A6669024B4AE}.Release|Any CPU.Build.0 = Release|Any CPU
	EndGlobalSection
	GlobalSection(SolutionProperties) = preSolution
		HideSolutionNode = FALSE
	EndGlobalSection
	GlobalSection(ExtensibilityGlobals) = postSolution
		SolutionGuid = {128E7F6B-BAA6-4A54-A76B-2883DE7AF86D}
	EndGlobalSection
EndGlobal
